// !$*UTF8*$!
{
	archiveVersion = 1;
	classes = {
	};
	objectVersion = 46;
	objects = {

/* Begin PBXBuildFile section */
		DF21C0591D3BCE1700386B87 /* MMNavigationController.m in Sources */ = {isa = PBXBuildFile; fileRef = DF21C0581D3BCE1700386B87 /* MMNavigationController.m */; };
		DF21C05C1D3BCE2700386B87 /* MMTabBarController.m in Sources */ = {isa = PBXBuildFile; fileRef = DF21C05B1D3BCE2700386B87 /* MMTabBarController.m */; };
		DFAC36F01D3A8CDB00531CCB /* Assets.xcassets in Resources */ = {isa = PBXBuildFile; fileRef = DFAC36EF1D3A8CDB00531CCB /* Assets.xcassets */; };
		DFAC37031D3A8DD300531CCB /* AppDelegate.m in Sources */ = {isa = PBXBuildFile; fileRef = DFAC37011D3A8DD300531CCB /* AppDelegate.m */; };
		DFAC37041D3A8DD300531CCB /* main.m in Sources */ = {isa = PBXBuildFile; fileRef = DFAC37021D3A8DD300531CCB /* main.m */; };
		DFAC37131D3A8F6200531CCB /* MMEssenceViewController.m in Sources */ = {isa = PBXBuildFile; fileRef = DFAC37121D3A8F6200531CCB /* MMEssenceViewController.m */; };
		DFAC37161D3A8FD500531CCB /* MMNewViewController.m in Sources */ = {isa = PBXBuildFile; fileRef = DFAC37151D3A8FD500531CCB /* MMNewViewController.m */; };
		DFAC37191D3A903E00531CCB /* MMMeViewController.m in Sources */ = {isa = PBXBuildFile; fileRef = DFAC37181D3A903E00531CCB /* MMMeViewController.m */; };
		DFAC371C1D3A908300531CCB /* MMFriendTrendsViewController.m in Sources */ = {isa = PBXBuildFile; fileRef = DFAC371B1D3A908300531CCB /* MMFriendTrendsViewController.m */; };
		DFAC371F1D3A90A500531CCB /* MMRecommendViewController.m in Sources */ = {isa = PBXBuildFile; fileRef = DFAC371E1D3A90A500531CCB /* MMRecommendViewController.m */; };
		DFAC37251D3A914E00531CCB /* MMTabBar.m in Sources */ = {isa = PBXBuildFile; fileRef = DFAC37241D3A914E00531CCB /* MMTabBar.m */; };
		DFAC372E1D3A919E00531CCB /* UIView+MMExtension.m in Sources */ = {isa = PBXBuildFile; fileRef = DFAC372D1D3A919E00531CCB /* UIView+MMExtension.m */; };
		DFAC37311D3A91BB00531CCB /* UIBarButtonItem+MMExtension.m in Sources */ = {isa = PBXBuildFile; fileRef = DFAC37301D3A91BB00531CCB /* UIBarButtonItem+MMExtension.m */; };
		DFAC37361D3A933600531CCB /* Foundation+Log.m in Sources */ = {isa = PBXBuildFile; fileRef = DFAC37351D3A933600531CCB /* Foundation+Log.m */; };
		EB9E54A06D32B2C6F6CA7866 /* libPods-百思不的其姐.a in Frameworks */ = {isa = PBXBuildFile; fileRef = 3D6183CCF2BF506208E8F21A /* libPods-百思不的其姐.a */; };
/* End PBXBuildFile section */

/* Begin PBXFileReference section */
		300C56F6D3807410F54DAB21 /* Pods-百思不的其姐.debug.xcconfig */ = {isa = PBXFileReference; includeInIndex = 1; lastKnownFileType = text.xcconfig; name = "Pods-百思不的其姐.debug.xcconfig"; path = "Pods/Target Support Files/Pods-百思不的其姐/Pods-百思不的其姐.debug.xcconfig"; sourceTree = "<group>"; };
		3D6183CCF2BF506208E8F21A /* libPods-百思不的其姐.a */ = {isa = PBXFileReference; explicitFileType = archive.ar; includeInIndex = 0; path = "libPods-百思不的其姐.a"; sourceTree = BUILT_PRODUCTS_DIR; };
		84E54B43C02678DDDF80CDD0 /* Pods-百思不的其姐.release.xcconfig */ = {isa = PBXFileReference; includeInIndex = 1; lastKnownFileType = text.xcconfig; name = "Pods-百思不的其姐.release.xcconfig"; path = "Pods/Target Support Files/Pods-百思不的其姐/Pods-百思不的其姐.release.xcconfig"; sourceTree = "<group>"; };
		DF21C0571D3BCE1700386B87 /* MMNavigationController.h */ = {isa = PBXFileReference; fileEncoding = 4; lastKnownFileType = sourcecode.c.h; path = MMNavigationController.h; sourceTree = "<group>"; };
		DF21C0581D3BCE1700386B87 /* MMNavigationController.m */ = {isa = PBXFileReference; fileEncoding = 4; lastKnownFileType = sourcecode.c.objc; path = MMNavigationController.m; sourceTree = "<group>"; };
		DF21C05A1D3BCE2700386B87 /* MMTabBarController.h */ = {isa = PBXFileReference; fileEncoding = 4; lastKnownFileType = sourcecode.c.h; path = MMTabBarController.h; sourceTree = "<group>"; };
		DF21C05B1D3BCE2700386B87 /* MMTabBarController.m */ = {isa = PBXFileReference; fileEncoding = 4; lastKnownFileType = sourcecode.c.objc; path = MMTabBarController.m; sourceTree = "<group>"; };
		DFAC36E01D3A8CDB00531CCB /* 百思不的其姐.app */ = {isa = PBXFileReference; explicitFileType = wrapper.application; includeInIndex = 0; path = "百思不的其姐.app"; sourceTree = BUILT_PRODUCTS_DIR; };
		DFAC36EF1D3A8CDB00531CCB /* Assets.xcassets */ = {isa = PBXFileReference; lastKnownFileType = folder.assetcatalog; path = Assets.xcassets; sourceTree = "<group>"; };
		DFAC36F41D3A8CDB00531CCB /* Info.plist */ = {isa = PBXFileReference; lastKnownFileType = text.plist.xml; path = Info.plist; sourceTree = "<group>"; };
		DFAC37001D3A8DD300531CCB /* AppDelegate.h */ = {isa = PBXFileReference; fileEncoding = 4; lastKnownFileType = sourcecode.c.h; path = AppDelegate.h; sourceTree = "<group>"; };
		DFAC37011D3A8DD300531CCB /* AppDelegate.m */ = {isa = PBXFileReference; fileEncoding = 4; lastKnownFileType = sourcecode.c.objc; path = AppDelegate.m; sourceTree = "<group>"; };
		DFAC37021D3A8DD300531CCB /* main.m */ = {isa = PBXFileReference; fileEncoding = 4; lastKnownFileType = sourcecode.c.objc; path = main.m; sourceTree = "<group>"; };
		DFAC37111D3A8F6200531CCB /* MMEssenceViewController.h */ = {isa = PBXFileReference; fileEncoding = 4; lastKnownFileType = sourcecode.c.h; path = MMEssenceViewController.h; sourceTree = "<group>"; };
		DFAC37121D3A8F6200531CCB /* MMEssenceViewController.m */ = {isa = PBXFileReference; fileEncoding = 4; lastKnownFileType = sourcecode.c.objc; path = MMEssenceViewController.m; sourceTree = "<group>"; };
		DFAC37141D3A8FD500531CCB /* MMNewViewController.h */ = {isa = PBXFileReference; fileEncoding = 4; lastKnownFileType = sourcecode.c.h; path = MMNewViewController.h; sourceTree = "<group>"; };
		DFAC37151D3A8FD500531CCB /* MMNewViewController.m */ = {isa = PBXFileReference; fileEncoding = 4; lastKnownFileType = sourcecode.c.objc; path = MMNewViewController.m; sourceTree = "<group>"; };
		DFAC37171D3A903E00531CCB /* MMMeViewController.h */ = {isa = PBXFileReference; fileEncoding = 4; lastKnownFileType = sourcecode.c.h; path = MMMeViewController.h; sourceTree = "<group>"; };
		DFAC37181D3A903E00531CCB /* MMMeViewController.m */ = {isa = PBXFileReference; fileEncoding = 4; lastKnownFileType = sourcecode.c.objc; path = MMMeViewController.m; sourceTree = "<group>"; };
		DFAC371A1D3A908300531CCB /* MMFriendTrendsViewController.h */ = {isa = PBXFileReference; fileEncoding = 4; lastKnownFileType = sourcecode.c.h; path = MMFriendTrendsViewController.h; sourceTree = "<group>"; };
		DFAC371B1D3A908300531CCB /* MMFriendTrendsViewController.m */ = {isa = PBXFileReference; fileEncoding = 4; lastKnownFileType = sourcecode.c.objc; path = MMFriendTrendsViewController.m; sourceTree = "<group>"; };
		DFAC371D1D3A90A500531CCB /* MMRecommendViewController.h */ = {isa = PBXFileReference; fileEncoding = 4; lastKnownFileType = sourcecode.c.h; path = MMRecommendViewController.h; sourceTree = "<group>"; };
		DFAC371E1D3A90A500531CCB /* MMRecommendViewController.m */ = {isa = PBXFileReference; fileEncoding = 4; lastKnownFileType = sourcecode.c.objc; path = MMRecommendViewController.m; sourceTree = "<group>"; };
		DFAC37231D3A914E00531CCB /* MMTabBar.h */ = {isa = PBXFileReference; fileEncoding = 4; lastKnownFileType = sourcecode.c.h; path = MMTabBar.h; sourceTree = "<group>"; };
		DFAC37241D3A914E00531CCB /* MMTabBar.m */ = {isa = PBXFileReference; fileEncoding = 4; lastKnownFileType = sourcecode.c.objc; path = MMTabBar.m; sourceTree = "<group>"; };
		DFAC372C1D3A919E00531CCB /* UIView+MMExtension.h */ = {isa = PBXFileReference; fileEncoding = 4; lastKnownFileType = sourcecode.c.h; path = "UIView+MMExtension.h"; sourceTree = "<group>"; };
		DFAC372D1D3A919E00531CCB /* UIView+MMExtension.m */ = {isa = PBXFileReference; fileEncoding = 4; lastKnownFileType = sourcecode.c.objc; path = "UIView+MMExtension.m"; sourceTree = "<group>"; };
		DFAC372F1D3A91BB00531CCB /* UIBarButtonItem+MMExtension.h */ = {isa = PBXFileReference; fileEncoding = 4; lastKnownFileType = sourcecode.c.h; path = "UIBarButtonItem+MMExtension.h"; sourceTree = "<group>"; };
		DFAC37301D3A91BB00531CCB /* UIBarButtonItem+MMExtension.m */ = {isa = PBXFileReference; fileEncoding = 4; lastKnownFileType = sourcecode.c.objc; path = "UIBarButtonItem+MMExtension.m"; sourceTree = "<group>"; };
		DFAC37351D3A933600531CCB /* Foundation+Log.m */ = {isa = PBXFileReference; fileEncoding = 4; lastKnownFileType = sourcecode.c.objc; path = "Foundation+Log.m"; sourceTree = "<group>"; };
		DFAC37371D3A934600531CCB /* PrefixHeader.pch */ = {isa = PBXFileReference; lastKnownFileType = sourcecode.c.h; path = PrefixHeader.pch; sourceTree = "<group>"; };
/* End PBXFileReference section */

/* Begin PBXFrameworksBuildPhase section */
		DFAC36DD1D3A8CDB00531CCB /* Frameworks */ = {
			isa = PBXFrameworksBuildPhase;
			buildActionMask = 2147483647;
			files = (
				EB9E54A06D32B2C6F6CA7866 /* libPods-百思不的其姐.a in Frameworks */,
			);
			runOnlyForDeploymentPostprocessing = 0;
		};
/* End PBXFrameworksBuildPhase section */

/* Begin PBXGroup section */
		44A2520566CB72A785A630A1 /* Pods */ = {
			isa = PBXGroup;
			children = (
				300C56F6D3807410F54DAB21 /* Pods-百思不的其姐.debug.xcconfig */,
				84E54B43C02678DDDF80CDD0 /* Pods-百思不的其姐.release.xcconfig */,
			);
			name = Pods;
			sourceTree = "<group>";
		};
		CA3D6F12636E0C71F16423FA /* Frameworks */ = {
			isa = PBXGroup;
			children = (
				3D6183CCF2BF506208E8F21A /* libPods-百思不的其姐.a */,
			);
			name = Frameworks;
			sourceTree = "<group>";
		};
		DFAC36D71D3A8CDB00531CCB = {
			isa = PBXGroup;
			children = (
				DFAC36E21D3A8CDB00531CCB /* 百思不的其姐 */,
				DFAC36E11D3A8CDB00531CCB /* Products */,
				44A2520566CB72A785A630A1 /* Pods */,
				CA3D6F12636E0C71F16423FA /* Frameworks */,
			);
			sourceTree = "<group>";
		};
		DFAC36E11D3A8CDB00531CCB /* Products */ = {
			isa = PBXGroup;
			children = (
				DFAC36E01D3A8CDB00531CCB /* 百思不的其姐.app */,
			);
			name = Products;
			sourceTree = "<group>";
		};
		DFAC36E21D3A8CDB00531CCB /* 百思不的其姐 */ = {
			isa = PBXGroup;
			children = (
				DFAC36FA1D3A8DD300531CCB /* Classes */,
				DFAC36E31D3A8CDB00531CCB /* Supporting Files */,
			);
			path = "百思不的其姐";
			sourceTree = "<group>";
		};
		DFAC36E31D3A8CDB00531CCB /* Supporting Files */ = {
			isa = PBXGroup;
			children = (
				DFAC36EF1D3A8CDB00531CCB /* Assets.xcassets */,
				DFAC36F41D3A8CDB00531CCB /* Info.plist */,
			);
			name = "Supporting Files";
			sourceTree = "<group>";
		};
		DFAC36FA1D3A8DD300531CCB /* Classes */ = {
			isa = PBXGroup;
			children = (
				DFAC36FB1D3A8DD300531CCB /* Essence-精华 */,
				DFAC36FC1D3A8DD300531CCB /* FriendTrends-关注 */,
				DFAC36FD1D3A8DD300531CCB /* Me-我 */,
				DFAC36FE1D3A8DD300531CCB /* New-新帖 */,
				DFAC36FF1D3A8DD300531CCB /* Other-其他 */,
			);
			path = Classes;
			sourceTree = "<group>";
		};
		DFAC36FB1D3A8DD300531CCB /* Essence-精华 */ = {
			isa = PBXGroup;
			children = (
				DFAC37051D3A8EFA00531CCB /* Controller */,
				DFAC37061D3A8EFA00531CCB /* Model */,
				DFAC37071D3A8EFA00531CCB /* View */,
			);
			path = "Essence-精华";
			sourceTree = "<group>";
		};
		DFAC36FC1D3A8DD300531CCB /* FriendTrends-关注 */ = {
			isa = PBXGroup;
			children = (
				DFAC37081D3A8F0800531CCB /* Controller */,
				DFAC37091D3A8F0800531CCB /* Model */,
				DFAC370A1D3A8F0800531CCB /* View */,
			);
			path = "FriendTrends-关注";
			sourceTree = "<group>";
		};
		DFAC36FD1D3A8DD300531CCB /* Me-我 */ = {
			isa = PBXGroup;
			children = (
				DFAC370B1D3A8F1600531CCB /* Controller */,
				DFAC370C1D3A8F1600531CCB /* Model */,
				DFAC370D1D3A8F1600531CCB /* View */,
			);
			path = "Me-我";
			sourceTree = "<group>";
		};
		DFAC36FE1D3A8DD300531CCB /* New-新帖 */ = {
			isa = PBXGroup;
			children = (
				DFAC370E1D3A8F1F00531CCB /* Controller */,
				DFAC370F1D3A8F1F00531CCB /* Model */,
				DFAC37101D3A8F1F00531CCB /* View */,
			);
			path = "New-新帖";
			sourceTree = "<group>";
		};
		DFAC36FF1D3A8DD300531CCB /* Other-其他 */ = {
			isa = PBXGroup;
			children = (
				DFAC37201D3A90EC00531CCB /* Category */,
				DFAC37211D3A90EC00531CCB /* Controller */,
				DFAC37221D3A90EC00531CCB /* View */,
				DFAC37001D3A8DD300531CCB /* AppDelegate.h */,
				DFAC37011D3A8DD300531CCB /* AppDelegate.m */,
				DFAC37021D3A8DD300531CCB /* main.m */,
				DFAC37371D3A934600531CCB /* PrefixHeader.pch */,
				DFAC37351D3A933600531CCB /* Foundation+Log.m */,
			);
			path = "Other-其他";
			sourceTree = "<group>";
		};
		DFAC37051D3A8EFA00531CCB /* Controller */ = {
			isa = PBXGroup;
			children = (
				DFAC37111D3A8F6200531CCB /* MMEssenceViewController.h */,
				DFAC37121D3A8F6200531CCB /* MMEssenceViewController.m */,
			);
			path = Controller;
			sourceTree = "<group>";
		};
		DFAC37061D3A8EFA00531CCB /* Model */ = {
			isa = PBXGroup;
			children = (
			);
			path = Model;
			sourceTree = "<group>";
		};
		DFAC37071D3A8EFA00531CCB /* View */ = {
			isa = PBXGroup;
			children = (
			);
			path = View;
			sourceTree = "<group>";
		};
		DFAC37081D3A8F0800531CCB /* Controller */ = {
			isa = PBXGroup;
			children = (
				DFAC371A1D3A908300531CCB /* MMFriendTrendsViewController.h */,
				DFAC371B1D3A908300531CCB /* MMFriendTrendsViewController.m */,
				DFAC371D1D3A90A500531CCB /* MMRecommendViewController.h */,
				DFAC371E1D3A90A500531CCB /* MMRecommendViewController.m */,
			);
			path = Controller;
			sourceTree = "<group>";
		};
		DFAC37091D3A8F0800531CCB /* Model */ = {
			isa = PBXGroup;
			children = (
			);
			path = Model;
			sourceTree = "<group>";
		};
		DFAC370A1D3A8F0800531CCB /* View */ = {
			isa = PBXGroup;
			children = (
			);
			path = View;
			sourceTree = "<group>";
		};
		DFAC370B1D3A8F1600531CCB /* Controller */ = {
			isa = PBXGroup;
			children = (
				DFAC37171D3A903E00531CCB /* MMMeViewController.h */,
				DFAC37181D3A903E00531CCB /* MMMeViewController.m */,
			);
			path = Controller;
			sourceTree = "<group>";
		};
		DFAC370C1D3A8F1600531CCB /* Model */ = {
			isa = PBXGroup;
			children = (
			);
			path = Model;
			sourceTree = "<group>";
		};
		DFAC370D1D3A8F1600531CCB /* View */ = {
			isa = PBXGroup;
			children = (
			);
			path = View;
			sourceTree = "<group>";
		};
		DFAC370E1D3A8F1F00531CCB /* Controller */ = {
			isa = PBXGroup;
			children = (
				DFAC37141D3A8FD500531CCB /* MMNewViewController.h */,
				DFAC37151D3A8FD500531CCB /* MMNewViewController.m */,
			);
			path = Controller;
			sourceTree = "<group>";
		};
		DFAC370F1D3A8F1F00531CCB /* Model */ = {
			isa = PBXGroup;
			children = (
			);
			path = Model;
			sourceTree = "<group>";
		};
		DFAC37101D3A8F1F00531CCB /* View */ = {
			isa = PBXGroup;
			children = (
			);
			path = View;
			sourceTree = "<group>";
		};
		DFAC37201D3A90EC00531CCB /* Category */ = {
			isa = PBXGroup;
			children = (
				DFAC372C1D3A919E00531CCB /* UIView+MMExtension.h */,
				DFAC372D1D3A919E00531CCB /* UIView+MMExtension.m */,
				DFAC372F1D3A91BB00531CCB /* UIBarButtonItem+MMExtension.h */,
				DFAC37301D3A91BB00531CCB /* UIBarButtonItem+MMExtension.m */,
			);
			path = Category;
			sourceTree = "<group>";
		};
		DFAC37211D3A90EC00531CCB /* Controller */ = {
			isa = PBXGroup;
			children = (
				DF21C0571D3BCE1700386B87 /* MMNavigationController.h */,
				DF21C0581D3BCE1700386B87 /* MMNavigationController.m */,
				DF21C05A1D3BCE2700386B87 /* MMTabBarController.h */,
				DF21C05B1D3BCE2700386B87 /* MMTabBarController.m */,
			);
			path = Controller;
			sourceTree = "<group>";
		};
		DFAC37221D3A90EC00531CCB /* View */ = {
			isa = PBXGroup;
			children = (
				DFAC37231D3A914E00531CCB /* MMTabBar.h */,
				DFAC37241D3A914E00531CCB /* MMTabBar.m */,
			);
			path = View;
			sourceTree = "<group>";
		};
/* End PBXGroup section */

/* Begin PBXNativeTarget section */
		DFAC36DF1D3A8CDB00531CCB /* 百思不的其姐 */ = {
			isa = PBXNativeTarget;
			buildConfigurationList = DFAC36F71D3A8CDB00531CCB /* Build configuration list for PBXNativeTarget "百思不的其姐" */;
			buildPhases = (
				D2241EAD47B026C50CC1922F /* [CP] Check Pods Manifest.lock */,
				DFAC36DC1D3A8CDB00531CCB /* Sources */,
				DFAC36DD1D3A8CDB00531CCB /* Frameworks */,
				DFAC36DE1D3A8CDB00531CCB /* Resources */,
				88F7859F07F7BFCDC53C82B3 /* [CP] Embed Pods Frameworks */,
				8BC8661598CCA51B6C0BF287 /* [CP] Copy Pods Resources */,
			);
			buildRules = (
			);
			dependencies = (
			);
			name = "百思不的其姐";
			productName = "百思不的其姐";
			productReference = DFAC36E01D3A8CDB00531CCB /* 百思不的其姐.app */;
			productType = "com.apple.product-type.application";
		};
/* End PBXNativeTarget section */

/* Begin PBXProject section */
		DFAC36D81D3A8CDB00531CCB /* Project object */ = {
			isa = PBXProject;
			attributes = {
				CLASSPREFIX = MM;
				LastUpgradeCheck = 0720;
				ORGANIZATIONNAME = tusm;
				TargetAttributes = {
					DFAC36DF1D3A8CDB00531CCB = {
						CreatedOnToolsVersion = 7.2;
						DevelopmentTeam = 9J36VWRMKC;
					};
				};
			};
			buildConfigurationList = DFAC36DB1D3A8CDB00531CCB /* Build configuration list for PBXProject "百思不的其姐" */;
			compatibilityVersion = "Xcode 3.2";
			developmentRegion = English;
			hasScannedForEncodings = 0;
			knownRegions = (
				en,
				Base,
			);
			mainGroup = DFAC36D71D3A8CDB00531CCB;
			productRefGroup = DFAC36E11D3A8CDB00531CCB /* Products */;
			projectDirPath = "";
			projectRoot = "";
			targets = (
				DFAC36DF1D3A8CDB00531CCB /* 百思不的其姐 */,
			);
		};
/* End PBXProject section */

/* Begin PBXResourcesBuildPhase section */
		DFAC36DE1D3A8CDB00531CCB /* Resources */ = {
			isa = PBXResourcesBuildPhase;
			buildActionMask = 2147483647;
			files = (
				DFAC36F01D3A8CDB00531CCB /* Assets.xcassets in Resources */,
			);
			runOnlyForDeploymentPostprocessing = 0;
		};
/* End PBXResourcesBuildPhase section */

/* Begin PBXShellScriptBuildPhase section */
		88F7859F07F7BFCDC53C82B3 /* [CP] Embed Pods Frameworks */ = {
			isa = PBXShellScriptBuildPhase;
			buildActionMask = 2147483647;
			files = (
			);
			inputPaths = (
			);
			name = "[CP] Embed Pods Frameworks";
			outputPaths = (
			);
			runOnlyForDeploymentPostprocessing = 0;
			shellPath = /bin/sh;
			shellScript = "\"${SRCROOT}/Pods/Target Support Files/Pods-百思不的其姐/Pods-百思不的其姐-frameworks.sh\"\n";
			showEnvVarsInLog = 0;
		};
		8BC8661598CCA51B6C0BF287 /* [CP] Copy Pods Resources */ = {
			isa = PBXShellScriptBuildPhase;
			buildActionMask = 2147483647;
			files = (
			);
			inputPaths = (
			);
			name = "[CP] Copy Pods Resources";
			outputPaths = (
			);
			runOnlyForDeploymentPostprocessing = 0;
			shellPath = /bin/sh;
			shellScript = "\"${SRCROOT}/Pods/Target Support Files/Pods-百思不的其姐/Pods-百思不的其姐-resources.sh\"\n";
			showEnvVarsInLog = 0;
		};
		D2241EAD47B026C50CC1922F /* [CP] Check Pods Manifest.lock */ = {
			isa = PBXShellScriptBuildPhase;
			buildActionMask = 2147483647;
			files = (
			);
			inputPaths = (
			);
			name = "[CP] Check Pods Manifest.lock";
			outputPaths = (
			);
			runOnlyForDeploymentPostprocessing = 0;
			shellPath = /bin/sh;
			shellScript = "diff \"${PODS_ROOT}/../Podfile.lock\" \"${PODS_ROOT}/Manifest.lock\" > /dev/null\nif [[ $? != 0 ]] ; then\n    cat << EOM\nerror: The sandbox is not in sync with the Podfile.lock. Run 'pod install' or update your CocoaPods installation.\nEOM\n    exit 1\nfi\n";
			showEnvVarsInLog = 0;
		};
/* End PBXShellScriptBuildPhase section */

/* Begin PBXSourcesBuildPhase section */
		DFAC36DC1D3A8CDB00531CCB /* Sources */ = {
			isa = PBXSourcesBuildPhase;
			buildActionMask = 2147483647;
			files = (
				DFAC37041D3A8DD300531CCB /* main.m in Sources */,
				DFAC37031D3A8DD300531CCB /* AppDelegate.m in Sources */,
				DFAC37131D3A8F6200531CCB /* MMEssenceViewController.m in Sources */,
				DFAC37251D3A914E00531CCB /* MMTabBar.m in Sources */,
				DF21C05C1D3BCE2700386B87 /* MMTabBarController.m in Sources */,
				DFAC371F1D3A90A500531CCB /* MMRecommendViewController.m in Sources */,
				DFAC37191D3A903E00531CCB /* MMMeViewController.m in Sources */,
				DFAC372E1D3A919E00531CCB /* UIView+MMExtension.m in Sources */,
				DFAC37311D3A91BB00531CCB /* UIBarButtonItem+MMExtension.m in Sources */,
				DFAC371C1D3A908300531CCB /* MMFriendTrendsViewController.m in Sources */,
				DF21C0591D3BCE1700386B87 /* MMNavigationController.m in Sources */,
				DFAC37361D3A933600531CCB /* Foundation+Log.m in Sources */,
				DFAC37161D3A8FD500531CCB /* MMNewViewController.m in Sources */,
			);
			runOnlyForDeploymentPostprocessing = 0;
		};
/* End PBXSourcesBuildPhase section */

/* Begin XCBuildConfiguration section */
		DFAC36F51D3A8CDB00531CCB /* Debug */ = {
			isa = XCBuildConfiguration;
			buildSettings = {
				ALWAYS_SEARCH_USER_PATHS = NO;
				CLANG_CXX_LANGUAGE_STANDARD = "gnu++0x";
				CLANG_CXX_LIBRARY = "libc++";
				CLANG_ENABLE_MODULES = YES;
				CLANG_ENABLE_OBJC_ARC = YES;
				CLANG_WARN_BOOL_CONVERSION = YES;
				CLANG_WARN_CONSTANT_CONVERSION = YES;
				CLANG_WARN_DIRECT_OBJC_ISA_USAGE = YES_ERROR;
				CLANG_WARN_EMPTY_BODY = YES;
				CLANG_WARN_ENUM_CONVERSION = YES;
				CLANG_WARN_INT_CONVERSION = YES;
				CLANG_WARN_OBJC_ROOT_CLASS = YES_ERROR;
				CLANG_WARN_UNREACHABLE_CODE = YES;
				CLANG_WARN__DUPLICATE_METHOD_MATCH = YES;
				"CODE_SIGN_IDENTITY[sdk=iphoneos*]" = "iPhone Developer";
				COPY_PHASE_STRIP = NO;
				DEBUG_INFORMATION_FORMAT = dwarf;
				ENABLE_STRICT_OBJC_MSGSEND = YES;
				ENABLE_TESTABILITY = YES;
				GCC_C_LANGUAGE_STANDARD = gnu99;
				GCC_DYNAMIC_NO_PIC = NO;
				GCC_NO_COMMON_BLOCKS = YES;
				GCC_OPTIMIZATION_LEVEL = 0;
				GCC_PREPROCESSOR_DEFINITIONS = (
					"DEBUG=1",
					"$(inherited)",
				);
				GCC_WARN_64_TO_32_BIT_CONVERSION = YES;
				GCC_WARN_ABOUT_RETURN_TYPE = YES_ERROR;
				GCC_WARN_UNDECLARED_SELECTOR = YES;
				GCC_WARN_UNINITIALIZED_AUTOS = YES_AGGRESSIVE;
				GCC_WARN_UNUSED_FUNCTION = YES;
				GCC_WARN_UNUSED_VARIABLE = YES;
				IPHONEOS_DEPLOYMENT_TARGET = 9.2;
				MTL_ENABLE_DEBUG_INFO = YES;
				ONLY_ACTIVE_ARCH = YES;
				SDKROOT = iphoneos;
				TARGETED_DEVICE_FAMILY = "1,2";
			};
			name = Debug;
		};
		DFAC36F61D3A8CDB00531CCB /* Release */ = {
			isa = XCBuildConfiguration;
			buildSettings = {
				ALWAYS_SEARCH_USER_PATHS = NO;
				CLANG_CXX_LANGUAGE_STANDARD = "gnu++0x";
				CLANG_CXX_LIBRARY = "libc++";
				CLANG_ENABLE_MODULES = YES;
				CLANG_ENABLE_OBJC_ARC = YES;
				CLANG_WARN_BOOL_CONVERSION = YES;
				CLANG_WARN_CONSTANT_CONVERSION = YES;
				CLANG_WARN_DIRECT_OBJC_ISA_USAGE = YES_ERROR;
				CLANG_WARN_EMPTY_BODY = YES;
				CLANG_WARN_ENUM_CONVERSION = YES;
				CLANG_WARN_INT_CONVERSION = YES;
				CLANG_WARN_OBJC_ROOT_CLASS = YES_ERROR;
				CLANG_WARN_UNREACHABLE_CODE = YES;
				CLANG_WARN__DUPLICATE_METHOD_MATCH = YES;
				"CODE_SIGN_IDENTITY[sdk=iphoneos*]" = "iPhone Developer";
				COPY_PHASE_STRIP = NO;
				DEBUG_INFORMATION_FORMAT = "dwarf-with-dsym";
				ENABLE_NS_ASSERTIONS = NO;
				ENABLE_STRICT_OBJC_MSGSEND = YES;
				GCC_C_LANGUAGE_STANDARD = gnu99;
				GCC_NO_COMMON_BLOCKS = YES;
				GCC_WARN_64_TO_32_BIT_CONVERSION = YES;
				GCC_WARN_ABOUT_RETURN_TYPE = YES_ERROR;
				GCC_WARN_UNDECLARED_SELECTOR = YES;
				GCC_WARN_UNINITIALIZED_AUTOS = YES_AGGRESSIVE;
				GCC_WARN_UNUSED_FUNCTION = YES;
				GCC_WARN_UNUSED_VARIABLE = YES;
				IPHONEOS_DEPLOYMENT_TARGET = 9.2;
				MTL_ENABLE_DEBUG_INFO = NO;
				SDKROOT = iphoneos;
				TARGETED_DEVICE_FAMILY = "1,2";
				VALIDATE_PRODUCT = YES;
			};
			name = Release;
		};
		DFAC36F81D3A8CDB00531CCB /* Debug */ = {
			isa = XCBuildConfiguration;
			baseConfigurationReference = 300C56F6D3807410F54DAB21 /* Pods-百思不的其姐.debug.xcconfig */;
			buildSettings = {
				ASSETCATALOG_COMPILER_APPICON_NAME = AppIcon;
				CLANG_ENABLE_MODULES = YES;
				GCC_PREFIX_HEADER = "$(SRCROOT)/$(PRODUCT_NAME)/Classes/Other-其他/PrefixHeader.pch";
				INFOPLIST_FILE = "百思不的其姐/Info.plist";
				LD_RUNPATH_SEARCH_PATHS = "$(inherited) @executable_path/Frameworks";
				PRODUCT_BUNDLE_IDENTIFIER = "cn.itcast.------";
				PRODUCT_NAME = "$(TARGET_NAME)";
				SWIFT_OBJC_BRIDGING_HEADER = "百思不的其姐/Classes/Other-其他/Controller/百思不的其姐-Bridging-Header.h";
				SWIFT_OPTIMIZATION_LEVEL = "-Onone";
			};
			name = Debug;
		};
		DFAC36F91D3A8CDB00531CCB /* Release */ = {
			isa = XCBuildConfiguration;
			baseConfigurationReference = 84E54B43C02678DDDF80CDD0 /* Pods-百思不的其姐.release.xcconfig */;
			buildSettings = {
				ASSETCATALOG_COMPILER_APPICON_NAME = AppIcon;
				CLANG_ENABLE_MODULES = YES;
				GCC_PREFIX_HEADER = "$(SRCROOT)/$(PRODUCT_NAME)/Classes/Other-其他/PrefixHeader.pch";
				INFOPLIST_FILE = "百思不的其姐/Info.plist";
				LD_RUNPATH_SEARCH_PATHS = "$(inherited) @executable_path/Frameworks";
				PRODUCT_BUNDLE_IDENTIFIER = "cn.itcast.------";
				PRODUCT_NAME = "$(TARGET_NAME)";
				SWIFT_OBJC_BRIDGING_HEADER = "百思不的其姐/Classes/Other-其他/Controller/百思不的其姐-Bridging-Header.h";
			};
			name = Release;
		};
/* End XCBuildConfiguration section */

/* Begin XCConfigurationList section */
		DFAC36DB1D3A8CDB00531CCB /* Build configuration list for PBXProject "百思不的其姐" */ = {
			isa = XCConfigurationList;
			buildConfigurations = (
				DFAC36F51D3A8CDB00531CCB /* Debug */,
				DFAC36F61D3A8CDB00531CCB /* Release */,
			);
			defaultConfigurationIsVisible = 0;
			defaultConfigurationName = Release;
		};
		DFAC36F71D3A8CDB00531CCB /* Build configuration list for PBXNativeTarget "百思不的其姐" */ = {
			isa = XCConfigurationList;
			buildConfigurations = (
				DFAC36F81D3A8CDB00531CCB /* Debug */,
				DFAC36F91D3A8CDB00531CCB /* Release */,
			);
			defaultConfigurationIsVisible = 0;
			defaultConfigurationName = Release;
		};
/* End XCConfigurationList section */
	};
	rootObject = DFAC36D81D3A8CDB00531CCB /* Project object */;
}
